<Solution>
  <Folder Name="/EventManager.Api/">
    <Project Path="EventManager.Api/EventManagerAPI.csproj" />
  </Folder>
  <Project Path="EventManagerAPI.IntegrationTests/EventManagerAPI.IntegrationTests.csproj">
    <Build Solution="Debug|*" Project="false" />
  </Project>
  <Project Path="EventManagerAPI.Tests/EventManagerAPI.Tests.csproj" />
</Solution>
